
Microsoft Visual Studio Solution File, Format Version 12.00
# Visual Studio 15
VisualStudioVersion = 15.0.26430.14
MinimumVisualStudioVersion = 10.0.40219.1
Project("{FAE04EC0-301F-11D3-BF4B-00C04F79EFBC}") = "SampleApp", "SampleApp\SampleApp.csproj", "{3ABFA03A-320C-4B72-83F9-135220E81BFE}"
EndProject
Project("{FAE04EC0-301F-11D3-BF4B-00C04F79EFBC}") = "SampleApp.Android", "SampleApp.Android\SampleApp.Android.csproj", "{C97A1AFE-AC87-4A3D-B950-09AF02B2193F}"
EndProject
Project("{FAE04EC0-301F-11D3-BF4B-00C04F79EFBC}") = "SampleApp.iOS", "SampleApp.iOS\SampleApp.iOS.csproj", "{028DC4CD-EDBE-403C-8F09-787AC0BFEFC0}"
EndProject
Project("{FAE04EC0-301F-11D3-BF4B-00C04F79EFBC}") = "SampleApp.UWP", "SampleApp.UWP\SampleApp.UWP.csproj", "{9711942F-EF18-429A-8307-39BF1038A509}"
EndProject
Project("{2150E333-8FDC-42A3-9474-1A3956D46DE8}") = "src", "src", "{905089CF-015A-4A7D-9651-5C8B063CBD5F}"
EndProject
Project("{FAE04EC0-301F-11D3-BF4B-00C04F79EFBC}") = "BaseMvvm.XamarinForms", "..\src\BaseMvvm\BaseMvvm.XamarinForms.csproj", "{3D81D641-8B29-4DB5-AAE9-5C8F63375B3C}"
EndProject
Project("{FAE04EC0-301F-11D3-BF4B-00C04F79EFBC}") = "BaseMvvm.Droid", "..\src\BaseMvvm.Droid\BaseMvvm.Droid.csproj", "{C9387EE1-E7FB-492B-8E52-AF36A85235EB}"
EndProject
Project("{FAE04EC0-301F-11D3-BF4B-00C04F79EFBC}") = "BaseMvvm.iOS", "..\src\BaseMvvm.iOS\BaseMvvm.iOS.csproj", "{8BECE172-0FCA-41EA-9471-CF7F3B2FB9AC}"
EndProject
Project("{2150E333-8FDC-42A3-9474-1A3956D46DE8}") = "SampleProject", "SampleProject", "{76A61A05-B01B-4676-8B4E-4C1D4CB13B5A}"
EndProject
Global
	GlobalSection(SolutionConfigurationPlatforms) = preSolution
		Ad-Hoc|Any CPU = Ad-Hoc|Any CPU
		Ad-Hoc|ARM = Ad-Hoc|ARM
		Ad-Hoc|iPhone = Ad-Hoc|iPhone
		Ad-Hoc|iPhoneSimulator = Ad-Hoc|iPhoneSimulator
		Ad-Hoc|x64 = Ad-Hoc|x64
		Ad-Hoc|x86 = Ad-Hoc|x86
		AppStore|Any CPU = AppStore|Any CPU
		AppStore|ARM = AppStore|ARM
		AppStore|iPhone = AppStore|iPhone
		AppStore|iPhoneSimulator = AppStore|iPhoneSimulator
		AppStore|x64 = AppStore|x64
		AppStore|x86 = AppStore|x86
		Debug|Any CPU = Debug|Any CPU
		Debug|ARM = Debug|ARM
		Debug|iPhone = Debug|iPhone
		Debug|iPhoneSimulator = Debug|iPhoneSimulator
		Debug|x64 = Debug|x64
		Debug|x86 = Debug|x86
		Release|Any CPU = Release|Any CPU
		Release|ARM = Release|ARM
		Release|iPhone = Release|iPhone
		Release|iPhoneSimulator = Release|iPhoneSimulator
		Release|x64 = Release|x64
		Release|x86 = Release|x86
	EndGlobalSection
	GlobalSection(ProjectConfigurationPlatforms) = postSolution
		{3ABFA03A-320C-4B72-83F9-135220E81BFE}.Ad-Hoc|Any CPU.ActiveCfg = Release|Any CPU
		{3ABFA03A-320C-4B72-83F9-135220E81BFE}.Ad-Hoc|Any CPU.Build.0 = Release|Any CPU
		{3ABFA03A-320C-4B72-83F9-135220E81BFE}.Ad-Hoc|ARM.ActiveCfg = Release|Any CPU
		{3ABFA03A-320C-4B72-83F9-135220E81BFE}.Ad-Hoc|ARM.Build.0 = Release|Any CPU
		{3ABFA03A-320C-4B72-83F9-135220E81BFE}.Ad-Hoc|iPhone.ActiveCfg = Release|Any CPU
		{3ABFA03A-320C-4B72-83F9-135220E81BFE}.Ad-Hoc|iPhone.Build.0 = Release|Any CPU
		{3ABFA03A-320C-4B72-83F9-135220E81BFE}.Ad-Hoc|iPhoneSimulator.ActiveCfg = Release|Any CPU
		{3ABFA03A-320C-4B72-83F9-135220E81BFE}.Ad-Hoc|iPhoneSimulator.Build.0 = Release|Any CPU
		{3ABFA03A-320C-4B72-83F9-135220E81BFE}.Ad-Hoc|x64.ActiveCfg = Release|Any CPU
		{3ABFA03A-320C-4B72-83F9-135220E81BFE}.Ad-Hoc|x64.Build.0 = Release|Any CPU
		{3ABFA03A-320C-4B72-83F9-135220E81BFE}.Ad-Hoc|x86.ActiveCfg = Release|Any CPU
		{3ABFA03A-320C-4B72-83F9-135220E81BFE}.Ad-Hoc|x86.Build.0 = Release|Any CPU
		{3ABFA03A-320C-4B72-83F9-135220E81BFE}.AppStore|Any CPU.ActiveCfg = Release|Any CPU
		{3ABFA03A-320C-4B72-83F9-135220E81BFE}.AppStore|Any CPU.Build.0 = Release|Any CPU
		{3ABFA03A-320C-4B72-83F9-135220E81BFE}.AppStore|ARM.ActiveCfg = Release|Any CPU
		{3ABFA03A-320C-4B72-83F9-135220E81BFE}.AppStore|ARM.Build.0 = Release|Any CPU
		{3ABFA03A-320C-4B72-83F9-135220E81BFE}.AppStore|iPhone.ActiveCfg = Release|Any CPU
		{3ABFA03A-320C-4B72-83F9-135220E81BFE}.AppStore|iPhone.Build.0 = Release|Any CPU
		{3ABFA03A-320C-4B72-83F9-135220E81BFE}.AppStore|iPhoneSimulator.ActiveCfg = Release|Any CPU
		{3ABFA03A-320C-4B72-83F9-135220E81BFE}.AppStore|iPhoneSimulator.Build.0 = Release|Any CPU
		{3ABFA03A-320C-4B72-83F9-135220E81BFE}.AppStore|x64.ActiveCfg = Release|Any CPU
		{3ABFA03A-320C-4B72-83F9-135220E81BFE}.AppStore|x64.Build.0 = Release|Any CPU
		{3ABFA03A-320C-4B72-83F9-135220E81BFE}.AppStore|x86.ActiveCfg = Release|Any CPU
		{3ABFA03A-320C-4B72-83F9-135220E81BFE}.AppStore|x86.Build.0 = Release|Any CPU
		{3ABFA03A-320C-4B72-83F9-135220E81BFE}.Debug|Any CPU.ActiveCfg = Debug|Any CPU
		{3ABFA03A-320C-4B72-83F9-135220E81BFE}.Debug|Any CPU.Build.0 = Debug|Any CPU
		{3ABFA03A-320C-4B72-83F9-135220E81BFE}.Debug|ARM.ActiveCfg = Debug|Any CPU
		{3ABFA03A-320C-4B72-83F9-135220E81BFE}.Debug|ARM.Build.0 = Debug|Any CPU
		{3ABFA03A-320C-4B72-83F9-135220E81BFE}.Debug|iPhone.ActiveCfg = Debug|Any CPU
		{3ABFA03A-320C-4B72-83F9-135220E81BFE}.Debug|iPhone.Build.0 = Debug|Any CPU
		{3ABFA03A-320C-4B72-83F9-135220E81BFE}.Debug|iPhoneSimulator.ActiveCfg = Debug|Any CPU
		{3ABFA03A-320C-4B72-83F9-135220E81BFE}.Debug|iPhoneSimulator.Build.0 = Debug|Any CPU
		{3ABFA03A-320C-4B72-83F9-135220E81BFE}.Debug|x64.ActiveCfg = Debug|Any CPU
		{3ABFA03A-320C-4B72-83F9-135220E81BFE}.Debug|x64.Build.0 = Debug|Any CPU
		{3ABFA03A-320C-4B72-83F9-135220E81BFE}.Debug|x86.ActiveCfg = Debug|Any CPU
		{3ABFA03A-320C-4B72-83F9-135220E81BFE}.Debug|x86.Build.0 = Debug|Any CPU
		{3ABFA03A-320C-4B72-83F9-135220E81BFE}.Release|Any CPU.ActiveCfg = Release|Any CPU
		{3ABFA03A-320C-4B72-83F9-135220E81BFE}.Release|Any CPU.Build.0 = Release|Any CPU
		{3ABFA03A-320C-4B72-83F9-135220E81BFE}.Release|ARM.ActiveCfg = Release|Any CPU
		{3ABFA03A-320C-4B72-83F9-135220E81BFE}.Release|ARM.Build.0 = Release|Any CPU
		{3ABFA03A-320C-4B72-83F9-135220E81BFE}.Release|iPhone.ActiveCfg = Release|Any CPU
		{3ABFA03A-320C-4B72-83F9-135220E81BFE}.Release|iPhone.Build.0 = Release|Any CPU
		{3ABFA03A-320C-4B72-83F9-135220E81BFE}.Release|iPhoneSimulator.ActiveCfg = Release|Any CPU
		{3ABFA03A-320C-4B72-83F9-135220E81BFE}.Release|iPhoneSimulator.Build.0 = Release|Any CPU
		{3ABFA03A-320C-4B72-83F9-135220E81BFE}.Release|x64.ActiveCfg = Release|Any CPU
		{3ABFA03A-320C-4B72-83F9-135220E81BFE}.Release|x64.Build.0 = Release|Any CPU
		{3ABFA03A-320C-4B72-83F9-135220E81BFE}.Release|x86.ActiveCfg = Release|Any CPU
		{3ABFA03A-320C-4B72-83F9-135220E81BFE}.Release|x86.Build.0 = Release|Any CPU
		{C97A1AFE-AC87-4A3D-B950-09AF02B2193F}.Ad-Hoc|Any CPU.ActiveCfg = Release|Any CPU
		{C97A1AFE-AC87-4A3D-B950-09AF02B2193F}.Ad-Hoc|Any CPU.Build.0 = Release|Any CPU
		{C97A1AFE-AC87-4A3D-B950-09AF02B2193F}.Ad-Hoc|Any CPU.Deploy.0 = Release|Any CPU
		{C97A1AFE-AC87-4A3D-B950-09AF02B2193F}.Ad-Hoc|ARM.ActiveCfg = Release|Any CPU
		{C97A1AFE-AC87-4A3D-B950-09AF02B2193F}.Ad-Hoc|ARM.Build.0 = Release|Any CPU
		{C97A1AFE-AC87-4A3D-B950-09AF02B2193F}.Ad-Hoc|ARM.Deploy.0 = Release|Any CPU
		{C97A1AFE-AC87-4A3D-B950-09AF02B2193F}.Ad-Hoc|iPhone.ActiveCfg = Release|Any CPU
		{C97A1AFE-AC87-4A3D-B950-09AF02B2193F}.Ad-Hoc|iPhone.Build.0 = Release|Any CPU
		{C97A1AFE-AC87-4A3D-B950-09AF02B2193F}.Ad-Hoc|iPhone.Deploy.0 = Release|Any CPU
		{C97A1AFE-AC87-4A3D-B950-09AF02B2193F}.Ad-Hoc|iPhoneSimulator.ActiveCfg = Release|Any CPU
		{C97A1AFE-AC87-4A3D-B950-09AF02B2193F}.Ad-Hoc|iPhoneSimulator.Build.0 = Release|Any CPU
		{C97A1AFE-AC87-4A3D-B950-09AF02B2193F}.Ad-Hoc|iPhoneSimulator.Deploy.0 = Release|Any CPU
		{C97A1AFE-AC87-4A3D-B950-09AF02B2193F}.Ad-Hoc|x64.ActiveCfg = Release|Any CPU
		{C97A1AFE-AC87-4A3D-B950-09AF02B2193F}.Ad-Hoc|x64.Build.0 = Release|Any CPU
		{C97A1AFE-AC87-4A3D-B950-09AF02B2193F}.Ad-Hoc|x64.Deploy.0 = Release|Any CPU
		{C97A1AFE-AC87-4A3D-B950-09AF02B2193F}.Ad-Hoc|x86.ActiveCfg = Release|Any CPU
		{C97A1AFE-AC87-4A3D-B950-09AF02B2193F}.Ad-Hoc|x86.Build.0 = Release|Any CPU
		{C97A1AFE-AC87-4A3D-B950-09AF02B2193F}.Ad-Hoc|x86.Deploy.0 = Release|Any CPU
		{C97A1AFE-AC87-4A3D-B950-09AF02B2193F}.AppStore|Any CPU.ActiveCfg = Release|Any CPU
		{C97A1AFE-AC87-4A3D-B950-09AF02B2193F}.AppStore|Any CPU.Build.0 = Release|Any CPU
		{C97A1AFE-AC87-4A3D-B950-09AF02B2193F}.AppStore|Any CPU.Deploy.0 = Release|Any CPU
		{C97A1AFE-AC87-4A3D-B950-09AF02B2193F}.AppStore|ARM.ActiveCfg = Release|Any CPU
		{C97A1AFE-AC87-4A3D-B950-09AF02B2193F}.AppStore|ARM.Build.0 = Release|Any CPU
		{C97A1AFE-AC87-4A3D-B950-09AF02B2193F}.AppStore|ARM.Deploy.0 = Release|Any CPU
		{C97A1AFE-AC87-4A3D-B950-09AF02B2193F}.AppStore|iPhone.ActiveCfg = Release|Any CPU
		{C97A1AFE-AC87-4A3D-B950-09AF02B2193F}.AppStore|iPhone.Build.0 = Release|Any CPU
		{C97A1AFE-AC87-4A3D-B950-09AF02B2193F}.AppStore|iPhone.Deploy.0 = Release|Any CPU
		{C97A1AFE-AC87-4A3D-B950-09AF02B2193F}.AppStore|iPhoneSimulator.ActiveCfg = Release|Any CPU
		{C97A1AFE-AC87-4A3D-B950-09AF02B2193F}.AppStore|iPhoneSimulator.Build.0 = Release|Any CPU
		{C97A1AFE-AC87-4A3D-B950-09AF02B2193F}.AppStore|iPhoneSimulator.Deploy.0 = Release|Any CPU
		{C97A1AFE-AC87-4A3D-B950-09AF02B2193F}.AppStore|x64.ActiveCfg = Release|Any CPU
		{C97A1AFE-AC87-4A3D-B950-09AF02B2193F}.AppStore|x64.Build.0 = Release|Any CPU
		{C97A1AFE-AC87-4A3D-B950-09AF02B2193F}.AppStore|x64.Deploy.0 = Release|Any CPU
		{C97A1AFE-AC87-4A3D-B950-09AF02B2193F}.AppStore|x86.ActiveCfg = Release|Any CPU
		{C97A1AFE-AC87-4A3D-B950-09AF02B2193F}.AppStore|x86.Build.0 = Release|Any CPU
		{C97A1AFE-AC87-4A3D-B950-09AF02B2193F}.AppStore|x86.Deploy.0 = Release|Any CPU
		{C97A1AFE-AC87-4A3D-B950-09AF02B2193F}.Debug|Any CPU.ActiveCfg = Debug|Any CPU
		{C97A1AFE-AC87-4A3D-B950-09AF02B2193F}.Debug|Any CPU.Build.0 = Debug|Any CPU
		{C97A1AFE-AC87-4A3D-B950-09AF02B2193F}.Debug|Any CPU.Deploy.0 = Debug|Any CPU
		{C97A1AFE-AC87-4A3D-B950-09AF02B2193F}.Debug|ARM.ActiveCfg = Debug|Any CPU
		{C97A1AFE-AC87-4A3D-B950-09AF02B2193F}.Debug|ARM.Build.0 = Debug|Any CPU
		{C97A1AFE-AC87-4A3D-B950-09AF02B2193F}.Debug|ARM.Deploy.0 = Debug|Any CPU
		{C97A1AFE-AC87-4A3D-B950-09AF02B2193F}.Debug|iPhone.ActiveCfg = Debug|Any CPU
		{C97A1AFE-AC87-4A3D-B950-09AF02B2193F}.Debug|iPhone.Build.0 = Debug|Any CPU
		{C97A1AFE-AC87-4A3D-B950-09AF02B2193F}.Debug|iPhone.Deploy.0 = Debug|Any CPU
		{C97A1AFE-AC87-4A3D-B950-09AF02B2193F}.Debug|iPhoneSimulator.ActiveCfg = Debug|Any CPU
		{C97A1AFE-AC87-4A3D-B950-09AF02B2193F}.Debug|iPhoneSimulator.Build.0 = Debug|Any CPU
		{C97A1AFE-AC87-4A3D-B950-09AF02B2193F}.Debug|iPhoneSimulator.Deploy.0 = Debug|Any CPU
		{C97A1AFE-AC87-4A3D-B950-09AF02B2193F}.Debug|x64.ActiveCfg = Debug|Any CPU
		{C97A1AFE-AC87-4A3D-B950-09AF02B2193F}.Debug|x64.Build.0 = Debug|Any CPU
		{C97A1AFE-AC87-4A3D-B950-09AF02B2193F}.Debug|x64.Deploy.0 = Debug|Any CPU
		{C97A1AFE-AC87-4A3D-B950-09AF02B2193F}.Debug|x86.ActiveCfg = Debug|Any CPU
		{C97A1AFE-AC87-4A3D-B950-09AF02B2193F}.Debug|x86.Build.0 = Debug|Any CPU
		{C97A1AFE-AC87-4A3D-B950-09AF02B2193F}.Debug|x86.Deploy.0 = Debug|Any CPU
		{C97A1AFE-AC87-4A3D-B950-09AF02B2193F}.Release|Any CPU.ActiveCfg = Release|Any CPU
		{C97A1AFE-AC87-4A3D-B950-09AF02B2193F}.Release|Any CPU.Build.0 = Release|Any CPU
		{C97A1AFE-AC87-4A3D-B950-09AF02B2193F}.Release|Any CPU.Deploy.0 = Release|Any CPU
		{C97A1AFE-AC87-4A3D-B950-09AF02B2193F}.Release|ARM.ActiveCfg = Release|Any CPU
		{C97A1AFE-AC87-4A3D-B950-09AF02B2193F}.Release|ARM.Build.0 = Release|Any CPU
		{C97A1AFE-AC87-4A3D-B950-09AF02B2193F}.Release|ARM.Deploy.0 = Release|Any CPU
		{C97A1AFE-AC87-4A3D-B950-09AF02B2193F}.Release|iPhone.ActiveCfg = Release|Any CPU
		{C97A1AFE-AC87-4A3D-B950-09AF02B2193F}.Release|iPhone.Build.0 = Release|Any CPU
		{C97A1AFE-AC87-4A3D-B950-09AF02B2193F}.Release|iPhone.Deploy.0 = Release|Any CPU
		{C97A1AFE-AC87-4A3D-B950-09AF02B2193F}.Release|iPhoneSimulator.ActiveCfg = Release|Any CPU
		{C97A1AFE-AC87-4A3D-B950-09AF02B2193F}.Release|iPhoneSimulator.Build.0 = Release|Any CPU
		{C97A1AFE-AC87-4A3D-B950-09AF02B2193F}.Release|iPhoneSimulator.Deploy.0 = Release|Any CPU
		{C97A1AFE-AC87-4A3D-B950-09AF02B2193F}.Release|x64.ActiveCfg = Release|Any CPU
		{C97A1AFE-AC87-4A3D-B950-09AF02B2193F}.Release|x64.Build.0 = Release|Any CPU
		{C97A1AFE-AC87-4A3D-B950-09AF02B2193F}.Release|x64.Deploy.0 = Release|Any CPU
		{C97A1AFE-AC87-4A3D-B950-09AF02B2193F}.Release|x86.ActiveCfg = Release|Any CPU
		{C97A1AFE-AC87-4A3D-B950-09AF02B2193F}.Release|x86.Build.0 = Release|Any CPU
		{C97A1AFE-AC87-4A3D-B950-09AF02B2193F}.Release|x86.Deploy.0 = Release|Any CPU
		{028DC4CD-EDBE-403C-8F09-787AC0BFEFC0}.Ad-Hoc|Any CPU.ActiveCfg = Ad-Hoc|iPhone
		{028DC4CD-EDBE-403C-8F09-787AC0BFEFC0}.Ad-Hoc|ARM.ActiveCfg = Ad-Hoc|iPhone
		{028DC4CD-EDBE-403C-8F09-787AC0BFEFC0}.Ad-Hoc|iPhone.ActiveCfg = Ad-Hoc|iPhone
		{028DC4CD-EDBE-403C-8F09-787AC0BFEFC0}.Ad-Hoc|iPhone.Build.0 = Ad-Hoc|iPhone
		{028DC4CD-EDBE-403C-8F09-787AC0BFEFC0}.Ad-Hoc|iPhoneSimulator.ActiveCfg = Ad-Hoc|iPhoneSimulator
		{028DC4CD-EDBE-403C-8F09-787AC0BFEFC0}.Ad-Hoc|iPhoneSimulator.Build.0 = Ad-Hoc|iPhoneSimulator
		{028DC4CD-EDBE-403C-8F09-787AC0BFEFC0}.Ad-Hoc|x64.ActiveCfg = Ad-Hoc|iPhone
		{028DC4CD-EDBE-403C-8F09-787AC0BFEFC0}.Ad-Hoc|x86.ActiveCfg = Ad-Hoc|iPhone
		{028DC4CD-EDBE-403C-8F09-787AC0BFEFC0}.AppStore|Any CPU.ActiveCfg = AppStore|iPhone
		{028DC4CD-EDBE-403C-8F09-787AC0BFEFC0}.AppStore|ARM.ActiveCfg = AppStore|iPhone
		{028DC4CD-EDBE-403C-8F09-787AC0BFEFC0}.AppStore|iPhone.ActiveCfg = AppStore|iPhone
		{028DC4CD-EDBE-403C-8F09-787AC0BFEFC0}.AppStore|iPhone.Build.0 = AppStore|iPhone
		{028DC4CD-EDBE-403C-8F09-787AC0BFEFC0}.AppStore|iPhoneSimulator.ActiveCfg = AppStore|iPhoneSimulator
		{028DC4CD-EDBE-403C-8F09-787AC0BFEFC0}.AppStore|iPhoneSimulator.Build.0 = AppStore|iPhoneSimulator
		{028DC4CD-EDBE-403C-8F09-787AC0BFEFC0}.AppStore|x64.ActiveCfg = AppStore|iPhone
		{028DC4CD-EDBE-403C-8F09-787AC0BFEFC0}.AppStore|x86.ActiveCfg = AppStore|iPhone
		{028DC4CD-EDBE-403C-8F09-787AC0BFEFC0}.Debug|Any CPU.ActiveCfg = Debug|iPhone
		{028DC4CD-EDBE-403C-8F09-787AC0BFEFC0}.Debug|ARM.ActiveCfg = Debug|iPhone
		{028DC4CD-EDBE-403C-8F09-787AC0BFEFC0}.Debug|iPhone.ActiveCfg = Debug|iPhone
		{028DC4CD-EDBE-403C-8F09-787AC0BFEFC0}.Debug|iPhone.Build.0 = Debug|iPhone
		{028DC4CD-EDBE-403C-8F09-787AC0BFEFC0}.Debug|iPhoneSimulator.ActiveCfg = Debug|iPhoneSimulator
		{028DC4CD-EDBE-403C-8F09-787AC0BFEFC0}.Debug|iPhoneSimulator.Build.0 = Debug|iPhoneSimulator
		{028DC4CD-EDBE-403C-8F09-787AC0BFEFC0}.Debug|x64.ActiveCfg = Debug|iPhone
		{028DC4CD-EDBE-403C-8F09-787AC0BFEFC0}.Debug|x86.ActiveCfg = Debug|iPhone
		{028DC4CD-EDBE-403C-8F09-787AC0BFEFC0}.Release|Any CPU.ActiveCfg = Release|iPhone
		{028DC4CD-EDBE-403C-8F09-787AC0BFEFC0}.Release|ARM.ActiveCfg = Release|iPhone
		{028DC4CD-EDBE-403C-8F09-787AC0BFEFC0}.Release|iPhone.ActiveCfg = Release|iPhone
		{028DC4CD-EDBE-403C-8F09-787AC0BFEFC0}.Release|iPhone.Build.0 = Release|iPhone
		{028DC4CD-EDBE-403C-8F09-787AC0BFEFC0}.Release|iPhoneSimulator.ActiveCfg = Release|iPhoneSimulator
		{028DC4CD-EDBE-403C-8F09-787AC0BFEFC0}.Release|iPhoneSimulator.Build.0 = Release|iPhoneSimulator
		{028DC4CD-EDBE-403C-8F09-787AC0BFEFC0}.Release|x64.ActiveCfg = Release|iPhone
		{028DC4CD-EDBE-403C-8F09-787AC0BFEFC0}.Release|x86.ActiveCfg = Release|iPhone
		{9711942F-EF18-429A-8307-39BF1038A509}.Ad-Hoc|Any CPU.ActiveCfg = Release|x86
		{9711942F-EF18-429A-8307-39BF1038A509}.Ad-Hoc|Any CPU.Build.0 = Release|x86
		{9711942F-EF18-429A-8307-39BF1038A509}.Ad-Hoc|Any CPU.Deploy.0 = Release|x86
		{9711942F-EF18-429A-8307-39BF1038A509}.Ad-Hoc|ARM.ActiveCfg = Release|ARM
		{9711942F-EF18-429A-8307-39BF1038A509}.Ad-Hoc|ARM.Build.0 = Release|ARM
		{9711942F-EF18-429A-8307-39BF1038A509}.Ad-Hoc|ARM.Deploy.0 = Release|ARM
		{9711942F-EF18-429A-8307-39BF1038A509}.Ad-Hoc|iPhone.ActiveCfg = Release|x86
		{9711942F-EF18-429A-8307-39BF1038A509}.Ad-Hoc|iPhone.Build.0 = Release|x86
		{9711942F-EF18-429A-8307-39BF1038A509}.Ad-Hoc|iPhone.Deploy.0 = Release|x86
		{9711942F-EF18-429A-8307-39BF1038A509}.Ad-Hoc|iPhoneSimulator.ActiveCfg = Release|x86
		{9711942F-EF18-429A-8307-39BF1038A509}.Ad-Hoc|iPhoneSimulator.Build.0 = Release|x86
		{9711942F-EF18-429A-8307-39BF1038A509}.Ad-Hoc|iPhoneSimulator.Deploy.0 = Release|x86
		{9711942F-EF18-429A-8307-39BF1038A509}.Ad-Hoc|x64.ActiveCfg = Release|x64
		{9711942F-EF18-429A-8307-39BF1038A509}.Ad-Hoc|x64.Build.0 = Release|x64
		{9711942F-EF18-429A-8307-39BF1038A509}.Ad-Hoc|x64.Deploy.0 = Release|x64
		{9711942F-EF18-429A-8307-39BF1038A509}.Ad-Hoc|x86.ActiveCfg = Release|x86
		{9711942F-EF18-429A-8307-39BF1038A509}.Ad-Hoc|x86.Build.0 = Release|x86
		{9711942F-EF18-429A-8307-39BF1038A509}.Ad-Hoc|x86.Deploy.0 = Release|x86
		{9711942F-EF18-429A-8307-39BF1038A509}.AppStore|Any CPU.ActiveCfg = Release|x86
		{9711942F-EF18-429A-8307-39BF1038A509}.AppStore|Any CPU.Build.0 = Release|x86
		{9711942F-EF18-429A-8307-39BF1038A509}.AppStore|Any CPU.Deploy.0 = Release|x86
		{9711942F-EF18-429A-8307-39BF1038A509}.AppStore|ARM.ActiveCfg = Release|ARM
		{9711942F-EF18-429A-8307-39BF1038A509}.AppStore|ARM.Build.0 = Release|ARM
		{9711942F-EF18-429A-8307-39BF1038A509}.AppStore|ARM.Deploy.0 = Release|ARM
		{9711942F-EF18-429A-8307-39BF1038A509}.AppStore|iPhone.ActiveCfg = Release|x86
		{9711942F-EF18-429A-8307-39BF1038A509}.AppStore|iPhone.Build.0 = Release|x86
		{9711942F-EF18-429A-8307-39BF1038A509}.AppStore|iPhone.Deploy.0 = Release|x86
		{9711942F-EF18-429A-8307-39BF1038A509}.AppStore|iPhoneSimulator.ActiveCfg = Release|x86
		{9711942F-EF18-429A-8307-39BF1038A509}.AppStore|iPhoneSimulator.Build.0 = Release|x86
		{9711942F-EF18-429A-8307-39BF1038A509}.AppStore|iPhoneSimulator.Deploy.0 = Release|x86
		{9711942F-EF18-429A-8307-39BF1038A509}.AppStore|x64.ActiveCfg = Release|x64
		{9711942F-EF18-429A-8307-39BF1038A509}.AppStore|x64.Build.0 = Release|x64
		{9711942F-EF18-429A-8307-39BF1038A509}.AppStore|x64.Deploy.0 = Release|x64
		{9711942F-EF18-429A-8307-39BF1038A509}.AppStore|x86.ActiveCfg = Release|x86
		{9711942F-EF18-429A-8307-39BF1038A509}.AppStore|x86.Build.0 = Release|x86
		{9711942F-EF18-429A-8307-39BF1038A509}.AppStore|x86.Deploy.0 = Release|x86
		{9711942F-EF18-429A-8307-39BF1038A509}.Debug|Any CPU.ActiveCfg = Debug|x86
		{9711942F-EF18-429A-8307-39BF1038A509}.Debug|ARM.ActiveCfg = Debug|ARM
		{9711942F-EF18-429A-8307-39BF1038A509}.Debug|ARM.Build.0 = Debug|ARM
		{9711942F-EF18-429A-8307-39BF1038A509}.Debug|ARM.Deploy.0 = Debug|ARM
		{9711942F-EF18-429A-8307-39BF1038A509}.Debug|iPhone.ActiveCfg = Debug|x86
		{9711942F-EF18-429A-8307-39BF1038A509}.Debug|iPhoneSimulator.ActiveCfg = Debug|x86
		{9711942F-EF18-429A-8307-39BF1038A509}.Debug|x64.ActiveCfg = Debug|x64
		{9711942F-EF18-429A-8307-39BF1038A509}.Debug|x64.Build.0 = Debug|x64
		{9711942F-EF18-429A-8307-39BF1038A509}.Debug|x64.Deploy.0 = Debug|x64
		{9711942F-EF18-429A-8307-39BF1038A509}.Debug|x86.ActiveCfg = Debug|x86
		{9711942F-EF18-429A-8307-39BF1038A509}.Debug|x86.Build.0 = Debug|x86
		{9711942F-EF18-429A-8307-39BF1038A509}.Debug|x86.Deploy.0 = Debug|x86
		{9711942F-EF18-429A-8307-39BF1038A509}.Release|Any CPU.ActiveCfg = Release|x86
		{9711942F-EF18-429A-8307-39BF1038A509}.Release|ARM.ActiveCfg = Release|ARM
		{9711942F-EF18-429A-8307-39BF1038A509}.Release|ARM.Build.0 = Release|ARM
		{9711942F-EF18-429A-8307-39BF1038A509}.Release|ARM.Deploy.0 = Release|ARM
		{9711942F-EF18-429A-8307-39BF1038A509}.Release|iPhone.ActiveCfg = Release|x86
		{9711942F-EF18-429A-8307-39BF1038A509}.Release|iPhoneSimulator.ActiveCfg = Release|x86
		{9711942F-EF18-429A-8307-39BF1038A509}.Release|x64.ActiveCfg = Release|x64
		{9711942F-EF18-429A-8307-39BF1038A509}.Release|x64.Build.0 = Release|x64
		{9711942F-EF18-429A-8307-39BF1038A509}.Release|x64.Deploy.0 = Release|x64
		{9711942F-EF18-429A-8307-39BF1038A509}.Release|x86.ActiveCfg = Release|x86
		{9711942F-EF18-429A-8307-39BF1038A509}.Release|x86.Build.0 = Release|x86
		{9711942F-EF18-429A-8307-39BF1038A509}.Release|x86.Deploy.0 = Release|x86
		{3D81D641-8B29-4DB5-AAE9-5C8F63375B3C}.Ad-Hoc|Any CPU.ActiveCfg = Release|Any CPU
		{3D81D641-8B29-4DB5-AAE9-5C8F63375B3C}.Ad-Hoc|Any CPU.Build.0 = Release|Any CPU
		{3D81D641-8B29-4DB5-AAE9-5C8F63375B3C}.Ad-Hoc|ARM.ActiveCfg = Release|Any CPU
		{3D81D641-8B29-4DB5-AAE9-5C8F63375B3C}.Ad-Hoc|ARM.Build.0 = Release|Any CPU
		{3D81D641-8B29-4DB5-AAE9-5C8F63375B3C}.Ad-Hoc|iPhone.ActiveCfg = Release|Any CPU
		{3D81D641-8B29-4DB5-AAE9-5C8F63375B3C}.Ad-Hoc|iPhone.Build.0 = Release|Any CPU
		{3D81D641-8B29-4DB5-AAE9-5C8F63375B3C}.Ad-Hoc|iPhoneSimulator.ActiveCfg = Release|Any CPU
		{3D81D641-8B29-4DB5-AAE9-5C8F63375B3C}.Ad-Hoc|iPhoneSimulator.Build.0 = Release|Any CPU
		{3D81D641-8B29-4DB5-AAE9-5C8F63375B3C}.Ad-Hoc|x64.ActiveCfg = Release|Any CPU
		{3D81D641-8B29-4DB5-AAE9-5C8F63375B3C}.Ad-Hoc|x64.Build.0 = Release|Any CPU
		{3D81D641-8B29-4DB5-AAE9-5C8F63375B3C}.Ad-Hoc|x86.ActiveCfg = Release|Any CPU
		{3D81D641-8B29-4DB5-AAE9-5C8F63375B3C}.Ad-Hoc|x86.Build.0 = Release|Any CPU
		{3D81D641-8B29-4DB5-AAE9-5C8F63375B3C}.AppStore|Any CPU.ActiveCfg = Release|Any CPU
		{3D81D641-8B29-4DB5-AAE9-5C8F63375B3C}.AppStore|Any CPU.Build.0 = Release|Any CPU
		{3D81D641-8B29-4DB5-AAE9-5C8F63375B3C}.AppStore|ARM.ActiveCfg = Release|Any CPU
		{3D81D641-8B29-4DB5-AAE9-5C8F63375B3C}.AppStore|ARM.Build.0 = Release|Any CPU
		{3D81D641-8B29-4DB5-AAE9-5C8F63375B3C}.AppStore|iPhone.ActiveCfg = Release|Any CPU
		{3D81D641-8B29-4DB5-AAE9-5C8F63375B3C}.AppStore|iPhone.Build.0 = Release|Any CPU
		{3D81D641-8B29-4DB5-AAE9-5C8F63375B3C}.AppStore|iPhoneSimulator.ActiveCfg = Release|Any CPU
		{3D81D641-8B29-4DB5-AAE9-5C8F63375B3C}.AppStore|iPhoneSimulator.Build.0 = Release|Any CPU
		{3D81D641-8B29-4DB5-AAE9-5C8F63375B3C}.AppStore|x64.ActiveCfg = Release|Any CPU
		{3D81D641-8B29-4DB5-AAE9-5C8F63375B3C}.AppStore|x64.Build.0 = Release|Any CPU
		{3D81D641-8B29-4DB5-AAE9-5C8F63375B3C}.AppStore|x86.ActiveCfg = Release|Any CPU
		{3D81D641-8B29-4DB5-AAE9-5C8F63375B3C}.AppStore|x86.Build.0 = Release|Any CPU
		{3D81D641-8B29-4DB5-AAE9-5C8F63375B3C}.Debug|Any CPU.ActiveCfg = Debug|Any CPU
		{3D81D641-8B29-4DB5-AAE9-5C8F63375B3C}.Debug|Any CPU.Build.0 = Debug|Any CPU
		{3D81D641-8B29-4DB5-AAE9-5C8F63375B3C}.Debug|ARM.ActiveCfg = Debug|Any CPU
		{3D81D641-8B29-4DB5-AAE9-5C8F63375B3C}.Debug|ARM.Build.0 = Debug|Any CPU
		{3D81D641-8B29-4DB5-AAE9-5C8F63375B3C}.Debug|iPhone.ActiveCfg = Debug|Any CPU
		{3D81D641-8B29-4DB5-AAE9-5C8F63375B3C}.Debug|iPhone.Build.0 = Debug|Any CPU
		{3D81D641-8B29-4DB5-AAE9-5C8F63375B3C}.Debug|iPhoneSimulator.ActiveCfg = Debug|Any CPU
		{3D81D641-8B29-4DB5-AAE9-5C8F63375B3C}.Debug|iPhoneSimulator.Build.0 = Debug|Any CPU
		{3D81D641-8B29-4DB5-AAE9-5C8F63375B3C}.Debug|x64.ActiveCfg = Debug|Any CPU
		{3D81D641-8B29-4DB5-AAE9-5C8F63375B3C}.Debug|x64.Build.0 = Debug|Any CPU
		{3D81D641-8B29-4DB5-AAE9-5C8F63375B3C}.Debug|x86.ActiveCfg = Debug|Any CPU
		{3D81D641-8B29-4DB5-AAE9-5C8F63375B3C}.Debug|x86.Build.0 = Debug|Any CPU
		{3D81D641-8B29-4DB5-AAE9-5C8F63375B3C}.Release|Any CPU.ActiveCfg = Release|Any CPU
		{3D81D641-8B29-4DB5-AAE9-5C8F63375B3C}.Release|Any CPU.Build.0 = Release|Any CPU
		{3D81D641-8B29-4DB5-AAE9-5C8F63375B3C}.Release|ARM.ActiveCfg = Release|Any CPU
		{3D81D641-8B29-4DB5-AAE9-5C8F63375B3C}.Release|ARM.Build.0 = Release|Any CPU
		{3D81D641-8B29-4DB5-AAE9-5C8F63375B3C}.Release|iPhone.ActiveCfg = Release|Any CPU
		{3D81D641-8B29-4DB5-AAE9-5C8F63375B3C}.Release|iPhone.Build.0 = Release|Any CPU
		{3D81D641-8B29-4DB5-AAE9-5C8F63375B3C}.Release|iPhoneSimulator.ActiveCfg = Release|Any CPU
		{3D81D641-8B29-4DB5-AAE9-5C8F63375B3C}.Release|iPhoneSimulator.Build.0 = Release|Any CPU
		{3D81D641-8B29-4DB5-AAE9-5C8F63375B3C}.Release|x64.ActiveCfg = Release|Any CPU
		{3D81D641-8B29-4DB5-AAE9-5C8F63375B3C}.Release|x64.Build.0 = Release|Any CPU
		{3D81D641-8B29-4DB5-AAE9-5C8F63375B3C}.Release|x86.ActiveCfg = Release|Any CPU
		{3D81D641-8B29-4DB5-AAE9-5C8F63375B3C}.Release|x86.Build.0 = Release|Any CPU
		{C9387EE1-E7FB-492B-8E52-AF36A85235EB}.Ad-Hoc|Any CPU.ActiveCfg = Release|Any CPU
		{C9387EE1-E7FB-492B-8E52-AF36A85235EB}.Ad-Hoc|Any CPU.Build.0 = Release|Any CPU
		{C9387EE1-E7FB-492B-8E52-AF36A85235EB}.Ad-Hoc|ARM.ActiveCfg = Release|Any CPU
		{C9387EE1-E7FB-492B-8E52-AF36A85235EB}.Ad-Hoc|ARM.Build.0 = Release|Any CPU
		{C9387EE1-E7FB-492B-8E52-AF36A85235EB}.Ad-Hoc|iPhone.ActiveCfg = Release|Any CPU
		{C9387EE1-E7FB-492B-8E52-AF36A85235EB}.Ad-Hoc|iPhone.Build.0 = Release|Any CPU
		{C9387EE1-E7FB-492B-8E52-AF36A85235EB}.Ad-Hoc|iPhoneSimulator.ActiveCfg = Release|Any CPU
		{C9387EE1-E7FB-492B-8E52-AF36A85235EB}.Ad-Hoc|iPhoneSimulator.Build.0 = Release|Any CPU
		{C9387EE1-E7FB-492B-8E52-AF36A85235EB}.Ad-Hoc|x64.ActiveCfg = Release|Any CPU
		{C9387EE1-E7FB-492B-8E52-AF36A85235EB}.Ad-Hoc|x64.Build.0 = Release|Any CPU
		{C9387EE1-E7FB-492B-8E52-AF36A85235EB}.Ad-Hoc|x86.ActiveCfg = Release|Any CPU
		{C9387EE1-E7FB-492B-8E52-AF36A85235EB}.Ad-Hoc|x86.Build.0 = Release|Any CPU
		{C9387EE1-E7FB-492B-8E52-AF36A85235EB}.AppStore|Any CPU.ActiveCfg = Release|Any CPU
		{C9387EE1-E7FB-492B-8E52-AF36A85235EB}.AppStore|Any CPU.Build.0 = Release|Any CPU
		{C9387EE1-E7FB-492B-8E52-AF36A85235EB}.AppStore|ARM.ActiveCfg = Release|Any CPU
		{C9387EE1-E7FB-492B-8E52-AF36A85235EB}.AppStore|ARM.Build.0 = Release|Any CPU
		{C9387EE1-E7FB-492B-8E52-AF36A85235EB}.AppStore|iPhone.ActiveCfg = Release|Any CPU
		{C9387EE1-E7FB-492B-8E52-AF36A85235EB}.AppStore|iPhone.Build.0 = Release|Any CPU
		{C9387EE1-E7FB-492B-8E52-AF36A85235EB}.AppStore|iPhoneSimulator.ActiveCfg = Release|Any CPU
		{C9387EE1-E7FB-492B-8E52-AF36A85235EB}.AppStore|iPhoneSimulator.Build.0 = Release|Any CPU
		{C9387EE1-E7FB-492B-8E52-AF36A85235EB}.AppStore|x64.ActiveCfg = Release|Any CPU
		{C9387EE1-E7FB-492B-8E52-AF36A85235EB}.AppStore|x64.Build.0 = Release|Any CPU
		{C9387EE1-E7FB-492B-8E52-AF36A85235EB}.AppStore|x86.ActiveCfg = Release|Any CPU
		{C9387EE1-E7FB-492B-8E52-AF36A85235EB}.AppStore|x86.Build.0 = Release|Any CPU
		{C9387EE1-E7FB-492B-8E52-AF36A85235EB}.Debug|Any CPU.ActiveCfg = Debug|Any CPU
		{C9387EE1-E7FB-492B-8E52-AF36A85235EB}.Debug|Any CPU.Build.0 = Debug|Any CPU
		{C9387EE1-E7FB-492B-8E52-AF36A85235EB}.Debug|ARM.ActiveCfg = Debug|Any CPU
		{C9387EE1-E7FB-492B-8E52-AF36A85235EB}.Debug|ARM.Build.0 = Debug|Any CPU
		{C9387EE1-E7FB-492B-8E52-AF36A85235EB}.Debug|iPhone.ActiveCfg = Debug|Any CPU
		{C9387EE1-E7FB-492B-8E52-AF36A85235EB}.Debug|iPhone.Build.0 = Debug|Any CPU
		{C9387EE1-E7FB-492B-8E52-AF36A85235EB}.Debug|iPhoneSimulator.ActiveCfg = Debug|Any CPU
		{C9387EE1-E7FB-492B-8E52-AF36A85235EB}.Debug|iPhoneSimulator.Build.0 = Debug|Any CPU
		{C9387EE1-E7FB-492B-8E52-AF36A85235EB}.Debug|x64.ActiveCfg = Debug|Any CPU
		{C9387EE1-E7FB-492B-8E52-AF36A85235EB}.Debug|x64.Build.0 = Debug|Any CPU
		{C9387EE1-E7FB-492B-8E52-AF36A85235EB}.Debug|x86.ActiveCfg = Debug|Any CPU
		{C9387EE1-E7FB-492B-8E52-AF36A85235EB}.Debug|x86.Build.0 = Debug|Any CPU
		{C9387EE1-E7FB-492B-8E52-AF36A85235EB}.Release|Any CPU.ActiveCfg = Release|Any CPU
		{C9387EE1-E7FB-492B-8E52-AF36A85235EB}.Release|Any CPU.Build.0 = Release|Any CPU
		{C9387EE1-E7FB-492B-8E52-AF36A85235EB}.Release|ARM.ActiveCfg = Release|Any CPU
		{C9387EE1-E7FB-492B-8E52-AF36A85235EB}.Release|ARM.Build.0 = Release|Any CPU
		{C9387EE1-E7FB-492B-8E52-AF36A85235EB}.Release|iPhone.ActiveCfg = Release|Any CPU
		{C9387EE1-E7FB-492B-8E52-AF36A85235EB}.Release|iPhone.Build.0 = Release|Any CPU
		{C9387EE1-E7FB-492B-8E52-AF36A85235EB}.Release|iPhoneSimulator.ActiveCfg = Release|Any CPU
		{C9387EE1-E7FB-492B-8E52-AF36A85235EB}.Release|iPhoneSimulator.Build.0 = Release|Any CPU
		{C9387EE1-E7FB-492B-8E52-AF36A85235EB}.Release|x64.ActiveCfg = Release|Any CPU
		{C9387EE1-E7FB-492B-8E52-AF36A85235EB}.Release|x64.Build.0 = Release|Any CPU
		{C9387EE1-E7FB-492B-8E52-AF36A85235EB}.Release|x86.ActiveCfg = Release|Any CPU
		{C9387EE1-E7FB-492B-8E52-AF36A85235EB}.Release|x86.Build.0 = Release|Any CPU
		{8BECE172-0FCA-41EA-9471-CF7F3B2FB9AC}.Ad-Hoc|Any CPU.ActiveCfg = Release|Any CPU
		{8BECE172-0FCA-41EA-9471-CF7F3B2FB9AC}.Ad-Hoc|Any CPU.Build.0 = Release|Any CPU
		{8BECE172-0FCA-41EA-9471-CF7F3B2FB9AC}.Ad-Hoc|ARM.ActiveCfg = Release|Any CPU
		{8BECE172-0FCA-41EA-9471-CF7F3B2FB9AC}.Ad-Hoc|ARM.Build.0 = Release|Any CPU
		{8BECE172-0FCA-41EA-9471-CF7F3B2FB9AC}.Ad-Hoc|iPhone.ActiveCfg = Release|Any CPU
		{8BECE172-0FCA-41EA-9471-CF7F3B2FB9AC}.Ad-Hoc|iPhone.Build.0 = Release|Any CPU
		{8BECE172-0FCA-41EA-9471-CF7F3B2FB9AC}.Ad-Hoc|iPhoneSimulator.ActiveCfg = Release|Any CPU
		{8BECE172-0FCA-41EA-9471-CF7F3B2FB9AC}.Ad-Hoc|iPhoneSimulator.Build.0 = Release|Any CPU
		{8BECE172-0FCA-41EA-9471-CF7F3B2FB9AC}.Ad-Hoc|x64.ActiveCfg = Release|Any CPU
		{8BECE172-0FCA-41EA-9471-CF7F3B2FB9AC}.Ad-Hoc|x64.Build.0 = Release|Any CPU
		{8BECE172-0FCA-41EA-9471-CF7F3B2FB9AC}.Ad-Hoc|x86.ActiveCfg = Release|Any CPU
		{8BECE172-0FCA-41EA-9471-CF7F3B2FB9AC}.Ad-Hoc|x86.Build.0 = Release|Any CPU
		{8BECE172-0FCA-41EA-9471-CF7F3B2FB9AC}.AppStore|Any CPU.ActiveCfg = Release|Any CPU
		{8BECE172-0FCA-41EA-9471-CF7F3B2FB9AC}.AppStore|Any CPU.Build.0 = Release|Any CPU
		{8BECE172-0FCA-41EA-9471-CF7F3B2FB9AC}.AppStore|ARM.ActiveCfg = Release|Any CPU
		{8BECE172-0FCA-41EA-9471-CF7F3B2FB9AC}.AppStore|ARM.Build.0 = Release|Any CPU
		{8BECE172-0FCA-41EA-9471-CF7F3B2FB9AC}.AppStore|iPhone.ActiveCfg = Release|Any CPU
		{8BECE172-0FCA-41EA-9471-CF7F3B2FB9AC}.AppStore|iPhone.Build.0 = Release|Any CPU
		{8BECE172-0FCA-41EA-9471-CF7F3B2FB9AC}.AppStore|iPhoneSimulator.ActiveCfg = Release|Any CPU
		{8BECE172-0FCA-41EA-9471-CF7F3B2FB9AC}.AppStore|iPhoneSimulator.Build.0 = Release|Any CPU
		{8BECE172-0FCA-41EA-9471-CF7F3B2FB9AC}.AppStore|x64.ActiveCfg = Release|Any CPU
		{8BECE172-0FCA-41EA-9471-CF7F3B2FB9AC}.AppStore|x64.Build.0 = Release|Any CPU
		{8BECE172-0FCA-41EA-9471-CF7F3B2FB9AC}.AppStore|x86.ActiveCfg = Release|Any CPU
		{8BECE172-0FCA-41EA-9471-CF7F3B2FB9AC}.AppStore|x86.Build.0 = Release|Any CPU
		{8BECE172-0FCA-41EA-9471-CF7F3B2FB9AC}.Debug|Any CPU.ActiveCfg = Debug|Any CPU
		{8BECE172-0FCA-41EA-9471-CF7F3B2FB9AC}.Debug|Any CPU.Build.0 = Debug|Any CPU
		{8BECE172-0FCA-41EA-9471-CF7F3B2FB9AC}.Debug|ARM.ActiveCfg = Debug|Any CPU
		{8BECE172-0FCA-41EA-9471-CF7F3B2FB9AC}.Debug|ARM.Build.0 = Debug|Any CPU
		{8BECE172-0FCA-41EA-9471-CF7F3B2FB9AC}.Debug|iPhone.ActiveCfg = Debug|Any CPU
		{8BECE172-0FCA-41EA-9471-CF7F3B2FB9AC}.Debug|iPhone.Build.0 = Debug|Any CPU
		{8BECE172-0FCA-41EA-9471-CF7F3B2FB9AC}.Debug|iPhoneSimulator.ActiveCfg = Debug|Any CPU
		{8BECE172-0FCA-41EA-9471-CF7F3B2FB9AC}.Debug|iPhoneSimulator.Build.0 = Debug|Any CPU
		{8BECE172-0FCA-41EA-9471-CF7F3B2FB9AC}.Debug|x64.ActiveCfg = Debug|Any CPU
		{8BECE172-0FCA-41EA-9471-CF7F3B2FB9AC}.Debug|x64.Build.0 = Debug|Any CPU
		{8BECE172-0FCA-41EA-9471-CF7F3B2FB9AC}.Debug|x86.ActiveCfg = Debug|Any CPU
		{8BECE172-0FCA-41EA-9471-CF7F3B2FB9AC}.Debug|x86.Build.0 = Debug|Any CPU
		{8BECE172-0FCA-41EA-9471-CF7F3B2FB9AC}.Release|Any CPU.ActiveCfg = Release|Any CPU
		{8BECE172-0FCA-41EA-9471-CF7F3B2FB9AC}.Release|Any CPU.Build.0 = Release|Any CPU
		{8BECE172-0FCA-41EA-9471-CF7F3B2FB9AC}.Release|ARM.ActiveCfg = Release|Any CPU
		{8BECE172-0FCA-41EA-9471-CF7F3B2FB9AC}.Release|ARM.Build.0 = Release|Any CPU
		{8BECE172-0FCA-41EA-9471-CF7F3B2FB9AC}.Release|iPhone.ActiveCfg = Release|Any CPU
		{8BECE172-0FCA-41EA-9471-CF7F3B2FB9AC}.Release|iPhone.Build.0 = Release|Any CPU
		{8BECE172-0FCA-41EA-9471-CF7F3B2FB9AC}.Release|iPhoneSimulator.ActiveCfg = Release|Any CPU
		{8BECE172-0FCA-41EA-9471-CF7F3B2FB9AC}.Release|iPhoneSimulator.Build.0 = Release|Any CPU
		{8BECE172-0FCA-41EA-9471-CF7F3B2FB9AC}.Release|x64.ActiveCfg = Release|Any CPU
		{8BECE172-0FCA-41EA-9471-CF7F3B2FB9AC}.Release|x64.Build.0 = Release|Any CPU
		{8BECE172-0FCA-41EA-9471-CF7F3B2FB9AC}.Release|x86.ActiveCfg = Release|Any CPU
		{8BECE172-0FCA-41EA-9471-CF7F3B2FB9AC}.Release|x86.Build.0 = Release|Any CPU
	EndGlobalSection
	GlobalSection(SolutionProperties) = preSolution
		HideSolutionNode = FALSE
	EndGlobalSection
	GlobalSection(NestedProjects) = preSolution
		{3ABFA03A-320C-4B72-83F9-135220E81BFE} = {76A61A05-B01B-4676-8B4E-4C1D4CB13B5A}
		{C97A1AFE-AC87-4A3D-B950-09AF02B2193F} = {76A61A05-B01B-4676-8B4E-4C1D4CB13B5A}
		{028DC4CD-EDBE-403C-8F09-787AC0BFEFC0} = {76A61A05-B01B-4676-8B4E-4C1D4CB13B5A}
		{9711942F-EF18-429A-8307-39BF1038A509} = {76A61A05-B01B-4676-8B4E-4C1D4CB13B5A}
		{3D81D641-8B29-4DB5-AAE9-5C8F63375B3C} = {905089CF-015A-4A7D-9651-5C8B063CBD5F}
		{C9387EE1-E7FB-492B-8E52-AF36A85235EB} = {905089CF-015A-4A7D-9651-5C8B063CBD5F}
		{8BECE172-0FCA-41EA-9471-CF7F3B2FB9AC} = {905089CF-015A-4A7D-9651-5C8B063CBD5F}
	EndGlobalSection
EndGlobal
